// !$*UTF8*$!
{
	archiveVersion = 1;
	classes = {
	};
	objectVersion = 46;
	objects = {

/* Begin PBXBuildFile section */
		E45EC8A21C08BA5E0082FBBD /* MTBBarcodeScanner.m in Sources */ = {isa = PBXBuildFile; fileRef = E45EC8A11C08BA5E0082FBBD /* MTBBarcodeScanner.m */; };
		E4B4DA2B1C0C72B400A9A89D /* ScanView.m in Sources */ = {isa = PBXBuildFile; fileRef = E4B4DA2A1C0C72B400A9A89D /* ScanView.m */; };
		E4C4C0CF1C04E88800BB35EE /* main.m in Sources */ = {isa = PBXBuildFile; fileRef = E4C4C0CE1C04E88800BB35EE /* main.m */; };
		E4C4C0D21C04E88800BB35EE /* AppDelegate.m in Sources */ = {isa = PBXBuildFile; fileRef = E4C4C0D11C04E88800BB35EE /* AppDelegate.m */; };
		E4C4C0D81C04E88800BB35EE /* Main.storyboard in Resources */ = {isa = PBXBuildFile; fileRef = E4C4C0D61C04E88800BB35EE /* Main.storyboard */; };
		E4C4C0DA1C04E88800BB35EE /* Assets.xcassets in Resources */ = {isa = PBXBuildFile; fileRef = E4C4C0D91C04E88800BB35EE /* Assets.xcassets */; };
		E4C4C0DD1C04E88800BB35EE /* LaunchScreen.storyboard in Resources */ = {isa = PBXBuildFile; fileRef = E4C4C0DB1C04E88800BB35EE /* LaunchScreen.storyboard */; };
		E4C4C0E51C04E8B600BB35EE /* libsqlite3.dylib in Frameworks */ = {isa = PBXBuildFile; fileRef = E4C4C0E41C04E8B600BB35EE /* libsqlite3.dylib */; };
		E4C4C0E81C04E9A300BB35EE /* BookshelfDetails.m in Sources */ = {isa = PBXBuildFile; fileRef = E4C4C0E71C04E9A300BB35EE /* BookshelfDetails.m */; };
		E4C4C0EE1C04EB2200BB35EE /* NightstandDetails.m in Sources */ = {isa = PBXBuildFile; fileRef = E4C4C0ED1C04EB2200BB35EE /* NightstandDetails.m */; };
		E4C4C0F11C04EBB100BB35EE /* Librarian.m in Sources */ = {isa = PBXBuildFile; fileRef = E4C4C0F01C04EBB100BB35EE /* Librarian.m */; };
		E4C4C0F41C04EBD900BB35EE /* LookUp.m in Sources */ = {isa = PBXBuildFile; fileRef = E4C4C0F31C04EBD900BB35EE /* LookUp.m */; };
		E4C4C0FA1C04F18A00BB35EE /* Nightstand.m in Sources */ = {isa = PBXBuildFile; fileRef = E4C4C0F91C04F18A00BB35EE /* Nightstand.m */; };
		E4C4C0FD1C04F1E800BB35EE /* Bookshelf.m in Sources */ = {isa = PBXBuildFile; fileRef = E4C4C0FC1C04F1E800BB35EE /* Bookshelf.m */; };
		E4C4C1011C04F47000BB35EE /* door@2x.png in Resources */ = {isa = PBXBuildFile; fileRef = E4C4C0FE1C04F47000BB35EE /* door@2x.png */; };
		E4C4C1021C04F47000BB35EE /* bow-and-arrow@2x.png in Resources */ = {isa = PBXBuildFile; fileRef = E4C4C0FF1C04F47000BB35EE /* bow-and-arrow@2x.png */; };
		E4C4C1031C04F47000BB35EE /* globe@2x.png in Resources */ = {isa = PBXBuildFile; fileRef = E4C4C1001C04F47000BB35EE /* globe@2x.png */; };
/* End PBXBuildFile section */

/* Begin PBXFileReference section */
		E45EC8A01C08B9C70082FBBD /* MTBBarcodeScanner.h */ = {isa = PBXFileReference; lastKnownFileType = sourcecode.c.h; name = MTBBarcodeScanner.h; path = ../MTBBarcodeScanner.h; sourceTree = "<group>"; };
		E45EC8A11C08BA5E0082FBBD /* MTBBarcodeScanner.m */ = {isa = PBXFileReference; fileEncoding = 4; lastKnownFileType = sourcecode.c.objc; name = MTBBarcodeScanner.m; path = ../MTBBarcodeScanner.m; sourceTree = "<group>"; };
		E4B4DA291C0C72B400A9A89D /* ScanView.h */ = {isa = PBXFileReference; fileEncoding = 4; lastKnownFileType = sourcecode.c.h; path = ScanView.h; sourceTree = "<group>"; };
		E4B4DA2A1C0C72B400A9A89D /* ScanView.m */ = {isa = PBXFileReference; fileEncoding = 4; lastKnownFileType = sourcecode.c.objc; path = ScanView.m; sourceTree = "<group>"; };
		E4C4C0CA1C04E88800BB35EE /* Eratosthenes.app */ = {isa = PBXFileReference; explicitFileType = wrapper.application; includeInIndex = 0; path = Eratosthenes.app; sourceTree = BUILT_PRODUCTS_DIR; };
		E4C4C0CE1C04E88800BB35EE /* main.m */ = {isa = PBXFileReference; lastKnownFileType = sourcecode.c.objc; path = main.m; sourceTree = "<group>"; };
		E4C4C0D01C04E88800BB35EE /* AppDelegate.h */ = {isa = PBXFileReference; lastKnownFileType = sourcecode.c.h; path = AppDelegate.h; sourceTree = "<group>"; };
		E4C4C0D11C04E88800BB35EE /* AppDelegate.m */ = {isa = PBXFileReference; lastKnownFileType = sourcecode.c.objc; path = AppDelegate.m; sourceTree = "<group>"; };
		E4C4C0D71C04E88800BB35EE /* Base */ = {isa = PBXFileReference; lastKnownFileType = file.storyboard; name = Base; path = Base.lproj/Main.storyboard; sourceTree = "<group>"; };
		E4C4C0D91C04E88800BB35EE /* Assets.xcassets */ = {isa = PBXFileReference; lastKnownFileType = folder.assetcatalog; path = Assets.xcassets; sourceTree = "<group>"; };
		E4C4C0DC1C04E88800BB35EE /* Base */ = {isa = PBXFileReference; lastKnownFileType = file.storyboard; name = Base; path = Base.lproj/LaunchScreen.storyboard; sourceTree = "<group>"; };
		E4C4C0DE1C04E88800BB35EE /* Info.plist */ = {isa = PBXFileReference; lastKnownFileType = text.plist.xml; path = Info.plist; sourceTree = "<group>"; };
		E4C4C0E41C04E8B600BB35EE /* libsqlite3.dylib */ = {isa = PBXFileReference; lastKnownFileType = "compiled.mach-o.dylib"; name = libsqlite3.dylib; path = ../../../../usr/lib/libsqlite3.dylib; sourceTree = "<group>"; };
		E4C4C0E61C04E9A300BB35EE /* BookshelfDetails.h */ = {isa = PBXFileReference; fileEncoding = 4; lastKnownFileType = sourcecode.c.h; path = BookshelfDetails.h; sourceTree = "<group>"; };
		E4C4C0E71C04E9A300BB35EE /* BookshelfDetails.m */ = {isa = PBXFileReference; fileEncoding = 4; lastKnownFileType = sourcecode.c.objc; path = BookshelfDetails.m; sourceTree = "<group>"; };
		E4C4C0EC1C04EB2200BB35EE /* NightstandDetails.h */ = {isa = PBXFileReference; fileEncoding = 4; lastKnownFileType = sourcecode.c.h; path = NightstandDetails.h; sourceTree = "<group>"; };
		E4C4C0ED1C04EB2200BB35EE /* NightstandDetails.m */ = {isa = PBXFileReference; fileEncoding = 4; lastKnownFileType = sourcecode.c.objc; path = NightstandDetails.m; sourceTree = "<group>"; };
		E4C4C0EF1C04EBB100BB35EE /* Librarian.h */ = {isa = PBXFileReference; fileEncoding = 4; lastKnownFileType = sourcecode.c.h; path = Librarian.h; sourceTree = "<group>"; };
		E4C4C0F01C04EBB100BB35EE /* Librarian.m */ = {isa = PBXFileReference; fileEncoding = 4; lastKnownFileType = sourcecode.c.objc; path = Librarian.m; sourceTree = "<group>"; };
		E4C4C0F21C04EBD900BB35EE /* LookUp.h */ = {isa = PBXFileReference; fileEncoding = 4; lastKnownFileType = sourcecode.c.h; name = LookUp.h; path = ../LookUp.h; sourceTree = "<group>"; };
		E4C4C0F31C04EBD900BB35EE /* LookUp.m */ = {isa = PBXFileReference; fileEncoding = 4; lastKnownFileType = sourcecode.c.objc; name = LookUp.m; path = ../LookUp.m; sourceTree = "<group>"; };
		E4C4C0F81C04F18A00BB35EE /* Nightstand.h */ = {isa = PBXFileReference; fileEncoding = 4; lastKnownFileType = sourcecode.c.h; path = Nightstand.h; sourceTree = "<group>"; };
		E4C4C0F91C04F18A00BB35EE /* Nightstand.m */ = {isa = PBXFileReference; fileEncoding = 4; lastKnownFileType = sourcecode.c.objc; path = Nightstand.m; sourceTree = "<group>"; };
		E4C4C0FB1C04F1E800BB35EE /* Bookshelf.h */ = {isa = PBXFileReference; fileEncoding = 4; lastKnownFileType = sourcecode.c.h; path = Bookshelf.h; sourceTree = "<group>"; };
		E4C4C0FC1C04F1E800BB35EE /* Bookshelf.m */ = {isa = PBXFileReference; fileEncoding = 4; lastKnownFileType = sourcecode.c.objc; path = Bookshelf.m; sourceTree = "<group>"; };
		E4C4C0FE1C04F47000BB35EE /* door@2x.png */ = {isa = PBXFileReference; lastKnownFileType = image.png; path = "door@2x.png"; sourceTree = "<group>"; };
		E4C4C0FF1C04F47000BB35EE /* bow-and-arrow@2x.png */ = {isa = PBXFileReference; lastKnownFileType = image.png; path = "bow-and-arrow@2x.png"; sourceTree = "<group>"; };
		E4C4C1001C04F47000BB35EE /* globe@2x.png */ = {isa = PBXFileReference; lastKnownFileType = image.png; path = "globe@2x.png"; sourceTree = "<group>"; };
/* End PBXFileReference section */

/* Begin PBXFrameworksBuildPhase section */
		E4C4C0C71C04E88800BB35EE /* Frameworks */ = {
			isa = PBXFrameworksBuildPhase;
			buildActionMask = 2147483647;
			files = (
				E4C4C0E51C04E8B600BB35EE /* libsqlite3.dylib in Frameworks */,
			);
			runOnlyForDeploymentPostprocessing = 0;
		};
/* End PBXFrameworksBuildPhase section */

/* Begin PBXGroup section */
		E4C4C0C11C04E88800BB35EE = {
			isa = PBXGroup;
			children = (
				E4C4C0E41C04E8B600BB35EE /* libsqlite3.dylib */,
				E4C4C0CC1C04E88800BB35EE /* Eratosthenes */,
				E4C4C0CB1C04E88800BB35EE /* Products */,
			);
			sourceTree = "<group>";
		};
		E4C4C0CB1C04E88800BB35EE /* Products */ = {
			isa = PBXGroup;
			children = (
				E4C4C0CA1C04E88800BB35EE /* Eratosthenes.app */,
			);
			name = Products;
			sourceTree = "<group>";
		};
		E4C4C0CC1C04E88800BB35EE /* Eratosthenes */ = {
			isa = PBXGroup;
			children = (
				E4C4C0D01C04E88800BB35EE /* AppDelegate.h */,
				E4C4C0D11C04E88800BB35EE /* AppDelegate.m */,
				E4C4C0FB1C04F1E800BB35EE /* Bookshelf.h */,
				E4C4C0FC1C04F1E800BB35EE /* Bookshelf.m */,
				E4C4C0E61C04E9A300BB35EE /* BookshelfDetails.h */,
				E4C4C0E71C04E9A300BB35EE /* BookshelfDetails.m */,
				E4C4C0F81C04F18A00BB35EE /* Nightstand.h */,
				E4C4C0F91C04F18A00BB35EE /* Nightstand.m */,
				E4C4C0EC1C04EB2200BB35EE /* NightstandDetails.h */,
				E4C4C0ED1C04EB2200BB35EE /* NightstandDetails.m */,
				E4C4C0F21C04EBD900BB35EE /* LookUp.h */,
				E4C4C0F31C04EBD900BB35EE /* LookUp.m */,
				E4B4DA291C0C72B400A9A89D /* ScanView.h */,
				E4B4DA2A1C0C72B400A9A89D /* ScanView.m */,
				E4C4C0EF1C04EBB100BB35EE /* Librarian.h */,
				E4C4C0F01C04EBB100BB35EE /* Librarian.m */,
				E45EC8A01C08B9C70082FBBD /* MTBBarcodeScanner.h */,
				E45EC8A11C08BA5E0082FBBD /* MTBBarcodeScanner.m */,
				E4C4C0D61C04E88800BB35EE /* Main.storyboard */,
				E4C4C0D91C04E88800BB35EE /* Assets.xcassets */,
				E4C4C0DB1C04E88800BB35EE /* LaunchScreen.storyboard */,
				E4C4C0DE1C04E88800BB35EE /* Info.plist */,
				E4C4C0CD1C04E88800BB35EE /* Supporting Files */,
			);
			path = Eratosthenes;
			sourceTree = "<group>";
		};
		E4C4C0CD1C04E88800BB35EE /* Supporting Files */ = {
			isa = PBXGroup;
			children = (
				E4C4C0FE1C04F47000BB35EE /* door@2x.png */,
				E4C4C0FF1C04F47000BB35EE /* bow-and-arrow@2x.png */,
				E4C4C1001C04F47000BB35EE /* globe@2x.png */,
				E4C4C0CE1C04E88800BB35EE /* main.m */,
			);
			name = "Supporting Files";
			sourceTree = "<group>";
		};
/* End PBXGroup section */

/* Begin PBXNativeTarget section */
		E4C4C0C91C04E88800BB35EE /* Eratosthenes */ = {
			isa = PBXNativeTarget;
			buildConfigurationList = E4C4C0E11C04E88800BB35EE /* Build configuration list for PBXNativeTarget "Eratosthenes" */;
			buildPhases = (
				E4C4C0C61C04E88800BB35EE /* Sources */,
				E4C4C0C71C04E88800BB35EE /* Frameworks */,
				E4C4C0C81C04E88800BB35EE /* Resources */,
			);
			buildRules = (
			);
			dependencies = (
			);
			name = Eratosthenes;
			productName = Eratosthenes;
			productReference = E4C4C0CA1C04E88800BB35EE /* Eratosthenes.app */;
			productType = "com.apple.product-type.application";
		};
/* End PBXNativeTarget section */

/* Begin PBXProject section */
		E4C4C0C21C04E88800BB35EE /* Project object */ = {
			isa = PBXProject;
			attributes = {
				LastUpgradeCheck = 0710;
				ORGANIZATIONNAME = "Louis Pipkin";
				TargetAttributes = {
					E4C4C0C91C04E88800BB35EE = {
						CreatedOnToolsVersion = 7.1.1;
					};
				};
			};
			buildConfigurationList = E4C4C0C51C04E88800BB35EE /* Build configuration list for PBXProject "Eratosthenes" */;
			compatibilityVersion = "Xcode 3.2";
			developmentRegion = English;
			hasScannedForEncodings = 0;
			knownRegions = (
				en,
				Base,
			);
			mainGroup = E4C4C0C11C04E88800BB35EE;
			productRefGroup = E4C4C0CB1C04E88800BB35EE /* Products */;
			projectDirPath = "";
			projectRoot = "";
			targets = (
				E4C4C0C91C04E88800BB35EE /* Eratosthenes */,
			);
		};
/* End PBXProject section */

/* Begin PBXResourcesBuildPhase section */
		E4C4C0C81C04E88800BB35EE /* Resources */ = {
			isa = PBXResourcesBuildPhase;
			buildActionMask = 2147483647;
			files = (
				E4C4C1031C04F47000BB35EE /* globe@2x.png in Resources */,
				E4C4C1021C04F47000BB35EE /* bow-and-arrow@2x.png in Resources */,
				E4C4C0DD1C04E88800BB35EE /* LaunchScreen.storyboard in Resources */,
				E4C4C1011C04F47000BB35EE /* door@2x.png in Resources */,
				E4C4C0DA1C04E88800BB35EE /* Assets.xcassets in Resources */,
				E4C4C0D81C04E88800BB35EE /* Main.storyboard in Resources */,
			);
			runOnlyForDeploymentPostprocessing = 0;
		};
/* End PBXResourcesBuildPhase section */

/* Begin PBXSourcesBuildPhase section */
		E4C4C0C61C04E88800BB35EE /* Sources */ = {
			isa = PBXSourcesBuildPhase;
			buildActionMask = 2147483647;
			files = (
				E4C4C0E81C04E9A300BB35EE /* BookshelfDetails.m in Sources */,
				E4B4DA2B1C0C72B400A9A89D /* ScanView.m in Sources */,
				E4C4C0EE1C04EB2200BB35EE /* NightstandDetails.m in Sources */,
				E4C4C0FA1C04F18A00BB35EE /* Nightstand.m in Sources */,
				E4C4C0FD1C04F1E800BB35EE /* Bookshelf.m in Sources */,
				E45EC8A21C08BA5E0082FBBD /* MTBBarcodeScanner.m in Sources */,
				E4C4C0D21C04E88800BB35EE /* AppDelegate.m in Sources */,
				E4C4C0F41C04EBD900BB35EE /* LookUp.m in Sources */,
				E4C4C0F11C04EBB100BB35EE /* Librarian.m in Sources */,
				E4C4C0CF1C04E88800BB35EE /* main.m in Sources */,
			);
			runOnlyForDeploymentPostprocessing = 0;
		};
/* End PBXSourcesBuildPhase section */

/* Begin PBXVariantGroup section */
		E4C4C0D61C04E88800BB35EE /* Main.storyboard */ = {
			isa = PBXVariantGroup;
			children = (
				E4C4C0D71C04E88800BB35EE /* Base */,
			);
			name = Main.storyboard;
			sourceTree = "<group>";
		};
		E4C4C0DB1C04E88800BB35EE /* LaunchScreen.storyboard */ = {
			isa = PBXVariantGroup;
			children = (
				E4C4C0DC1C04E88800BB35EE /* Base */,
			);
			name = LaunchScreen.storyboard;
			sourceTree = "<group>";
		};
/* End PBXVariantGroup section */

/* Begin XCBuildConfiguration section */
		E4C4C0DF1C04E88800BB35EE /* Debug */ = {
			isa = XCBuildConfiguration;
			buildSettings = {
				ALWAYS_SEARCH_USER_PATHS = NO;
				CLANG_CXX_LANGUAGE_STANDARD = "gnu++0x";
				CLANG_CXX_LIBRARY = "libc++";
				CLANG_ENABLE_MODULES = YES;
				CLANG_ENABLE_OBJC_ARC = YES;
				CLANG_WARN_BOOL_CONVERSION = YES;
				CLANG_WARN_CONSTANT_CONVERSION = YES;
				CLANG_WARN_DIRECT_OBJC_ISA_USAGE = YES_ERROR;
				CLANG_WARN_EMPTY_BODY = YES;
				CLANG_WARN_ENUM_CONVERSION = YES;
				CLANG_WARN_INT_CONVERSION = YES;
				CLANG_WARN_OBJC_ROOT_CLASS = YES_ERROR;
				CLANG_WARN_UNREACHABLE_CODE = YES;
				CLANG_WARN__DUPLICATE_METHOD_MATCH = YES;
				"CODE_SIGN_IDENTITY[sdk=iphoneos*]" = "iPhone Developer";
				COPY_PHASE_STRIP = NO;
				DEBUG_INFORMATION_FORMAT = dwarf;
				ENABLE_STRICT_OBJC_MSGSEND = YES;
				ENABLE_TESTABILITY = YES;
				GCC_C_LANGUAGE_STANDARD = gnu99;
				GCC_DYNAMIC_NO_PIC = NO;
				GCC_NO_COMMON_BLOCKS = YES;
				GCC_OPTIMIZATION_LEVEL = 0;
				GCC_PREPROCESSOR_DEFINITIONS = (
					"DEBUG=1",
					"$(inherited)",
				);
				GCC_WARN_64_TO_32_BIT_CONVERSION = YES;
				GCC_WARN_ABOUT_RETURN_TYPE = YES_ERROR;
				GCC_WARN_UNDECLARED_SELECTOR = YES;
				GCC_WARN_UNINITIALIZED_AUTOS = YES_AGGRESSIVE;
				GCC_WARN_UNUSED_FUNCTION = YES;
				GCC_WARN_UNUSED_VARIABLE = YES;
				IPHONEOS_DEPLOYMENT_TARGET = 9.1;
				MTL_ENABLE_DEBUG_INFO = YES;
				ONLY_ACTIVE_ARCH = YES;
				SDKROOT = iphoneos;
			};
			name = Debug;
		};
		E4C4C0E01C04E88800BB35EE /* Release */ = {
			isa = XCBuildConfiguration;
			buildSettings = {
				ALWAYS_SEARCH_USER_PATHS = NO;
				CLANG_CXX_LANGUAGE_STANDARD = "gnu++0x";
				CLANG_CXX_LIBRARY = "libc++";
				CLANG_ENABLE_MODULES = YES;
				CLANG_ENABLE_OBJC_ARC = YES;
				CLANG_WARN_BOOL_CONVERSION = YES;
				CLANG_WARN_CONSTANT_CONVERSION = YES;
				CLANG_WARN_DIRECT_OBJC_ISA_USAGE = YES_ERROR;
				CLANG_WARN_EMPTY_BODY = YES;
				CLANG_WARN_ENUM_CONVERSION = YES;
				CLANG_WARN_INT_CONVERSION = YES;
				CLANG_WARN_OBJC_ROOT_CLASS = YES_ERROR;
				CLANG_WARN_UNREACHABLE_CODE = YES;
				CLANG_WARN__DUPLICATE_METHOD_MATCH = YES;
				"CODE_SIGN_IDENTITY[sdk=iphoneos*]" = "iPhone Developer";
				COPY_PHASE_STRIP = NO;
				DEBUG_INFORMATION_FORMAT = "dwarf-with-dsym";
				ENABLE_NS_ASSERTIONS = NO;
				ENABLE_STRICT_OBJC_MSGSEND = YES;
				GCC_C_LANGUAGE_STANDARD = gnu99;
				GCC_NO_COMMON_BLOCKS = YES;
				GCC_WARN_64_TO_32_BIT_CONVERSION = YES;
				GCC_WARN_ABOUT_RETURN_TYPE = YES_ERROR;
				GCC_WARN_UNDECLARED_SELECTOR = YES;
				GCC_WARN_UNINITIALIZED_AUTOS = YES_AGGRESSIVE;
				GCC_WARN_UNUSED_FUNCTION = YES;
				GCC_WARN_UNUSED_VARIABLE = YES;
				IPHONEOS_DEPLOYMENT_TARGET = 9.1;
				MTL_ENABLE_DEBUG_INFO = NO;
				SDKROOT = iphoneos;
				VALIDATE_PRODUCT = YES;
			};
			name = Release;
		};
		E4C4C0E21C04E88800BB35EE /* Debug */ = {
			isa = XCBuildConfiguration;
			buildSettings = {
				ASSETCATALOG_COMPILER_APPICON_NAME = AppIcon;
				INFOPLIST_FILE = Eratosthenes/Info.plist;
				LD_RUNPATH_SEARCH_PATHS = "$(inherited) @executable_path/Frameworks";
				PRODUCT_BUNDLE_IDENTIFIER = com.louispipkin.Eratosthenes;
				PRODUCT_NAME = "$(TARGET_NAME)";
			};
			name = Debug;
		};
		E4C4C0E31C04E88800BB35EE /* Release */ = {
			isa = XCBuildConfiguration;
			buildSettings = {
				ASSETCATALOG_COMPILER_APPICON_NAME = AppIcon;
				INFOPLIST_FILE = Eratosthenes/Info.plist;
				LD_RUNPATH_SEARCH_PATHS = "$(inherited) @executable_path/Frameworks";
				PRODUCT_BUNDLE_IDENTIFIER = com.louispipkin.Eratosthenes;
				PRODUCT_NAME = "$(TARGET_NAME)";
			};
			name = Release;
		};
/* End XCBuildConfiguration section */

/* Begin XCConfigurationList section */
		E4C4C0C51C04E88800BB35EE /* Build configuration list for PBXProject "Eratosthenes" */ = {
			isa = XCConfigurationList;
			buildConfigurations = (
				E4C4C0DF1C04E88800BB35EE /* Debug */,
				E4C4C0E01C04E88800BB35EE /* Release */,
			);
			defaultConfigurationIsVisible = 0;
			defaultConfigurationName = Release;
		};
		E4C4C0E11C04E88800BB35EE /* Build configuration list for PBXNativeTarget "Eratosthenes" */ = {
			isa = XCConfigurationList;
			buildConfigurations = (
				E4C4C0E21C04E88800BB35EE /* Debug */,
				E4C4C0E31C04E88800BB35EE /* Release */,
			);
			defaultConfigurationIsVisible = 0;
			defaultConfigurationName = Release;
		};
/* End XCConfigurationList section */
	};
	rootObject = E4C4C0C21C04E88800BB35EE /* Project object */;
}
